
Microsoft Visual Studio Solution File, Format Version 12.00
# Visual Studio Version 16
VisualStudioVersion = 16.0.31112.23
MinimumVisualStudioVersion = 10.0.40219.1
Project("{FAE04EC0-301F-11D3-BF4B-00C04F79EFBC}") = "TP 3.0", "TP 3.0\TP 3.0.csproj", "{4F00B3BD-D182-43F8-A0FF-6C1A55121638}"
EndProject
Global
	GlobalSection(SolutionConfigurationPlatforms) = preSolution
		Debug|Any CPU = Debug|Any CPU
		Release|Any CPU = Release|Any CPU
	EndGlobalSection
	GlobalSection(ProjectConfigurationPlatforms) = postSolution
		{4F00B3BD-D182-43F8-A0FF-6C1A55121638}.Debug|Any CPU.ActiveCfg = Debug|Any CPU
		{4F00B3BD-D182-43F8-A0FF-6C1A55121638}.Debug|Any CPU.Build.0 = Debug|Any CPU
		{4F00B3BD-D182-43F8-A0FF-6C1A55121638}.Release|Any CPU.ActiveCfg = Release|Any CPU
		{4F00B3BD-D182-43F8-A0FF-6C1A55121638}.Release|Any CPU.Build.0 = Release|Any CPU
	EndGlobalSection
	GlobalSection(SolutionProperties) = preSolution
		HideSolutionNode = FALSE
	EndGlobalSection
	GlobalSection(ExtensibilityGlobals) = postSolution
		SolutionGuid = {A695621E-0FBD-467E-A1A4-D1CE7C94D316}
	EndGlobalSection
EndGlobal
